
Microsoft Visual Studio Solution File, Format Version 12.00
# Visual Studio Version 16
VisualStudioVersion = 16.0.30204.135
MinimumVisualStudioVersion = 10.0.40219.1
Project("{FAE04EC0-301F-11D3-BF4B-00C04F79EFBC}") = "TestSmtp", "TestSmtp\TestSmtp.csproj", "{0192B932-E0BA-45E7-AAEE-B58A7D73A313}"
EndProject
Global
	GlobalSection(SolutionConfigurationPlatforms) = preSolution
		Debug|Any CPU = Debug|Any CPU
		Release|Any CPU = Release|Any CPU
	EndGlobalSection
	GlobalSection(ProjectConfigurationPlatforms) = postSolution
		{0192B932-E0BA-45E7-AAEE-B58A7D73A313}.Debug|Any CPU.ActiveCfg = Debug|Any CPU
		{0192B932-E0BA-45E7-AAEE-B58A7D73A313}.Debug|Any CPU.Build.0 = Debug|Any CPU
		{0192B932-E0BA-45E7-AAEE-B58A7D73A313}.Release|Any CPU.ActiveCfg = Release|Any CPU
		{0192B932-E0BA-45E7-AAEE-B58A7D73A313}.Release|Any CPU.Build.0 = Release|Any CPU
	EndGlobalSection
	GlobalSection(SolutionProperties) = preSolution
		HideSolutionNode = FALSE
	EndGlobalSection
	GlobalSection(ExtensibilityGlobals) = postSolution
		SolutionGuid = {36DB52DE-7FA7-4703-8B9F-F28A1D9E003E}
	EndGlobalSection
EndGlobal
